
Microsoft Visual Studio Solution File, Format Version 12.00
# Visual Studio Version 17
VisualStudioVersion = 17.5.33502.453
MinimumVisualStudioVersion = 10.0.40219.1
Project("{FAE04EC0-301F-11D3-BF4B-00C04F79EFBC}") = "EShopWebAPI", "EShopWebAPI\EShopWebAPI.csproj", "{EFB6F5F6-0854-4160-9A4B-157E295E0CF6}"
EndProject
Global
	GlobalSection(SolutionConfigurationPlatforms) = preSolution
		Debug|Any CPU = Debug|Any CPU
		Release|Any CPU = Release|Any CPU
	EndGlobalSection
	GlobalSection(ProjectConfigurationPlatforms) = postSolution
		{EFB6F5F6-0854-4160-9A4B-157E295E0CF6}.Debug|Any CPU.ActiveCfg = Debug|Any CPU
		{EFB6F5F6-0854-4160-9A4B-157E295E0CF6}.Debug|Any CPU.Build.0 = Debug|Any CPU
		{EFB6F5F6-0854-4160-9A4B-157E295E0CF6}.Release|Any CPU.ActiveCfg = Release|Any CPU
		{EFB6F5F6-0854-4160-9A4B-157E295E0CF6}.Release|Any CPU.Build.0 = Release|Any CPU
	EndGlobalSection
	GlobalSection(SolutionProperties) = preSolution
		HideSolutionNode = FALSE
	EndGlobalSection
	GlobalSection(ExtensibilityGlobals) = postSolution
		SolutionGuid = {39BAEF7B-FE3A-450E-945C-B6A4D3F37620}
	EndGlobalSection
EndGlobal
